{
  "name": "p5-test",
  "version": "1.0.0",
  "lockfileVersion": 1,
  "requires": true,
  "dependencies": {
    "p5": {
      "version": "0.7.3",
      "resolved": "https://registry.npmjs.org/p5/-/p5-0.7.3.tgz",
      "integrity": "sha512-Ap0Op/YlbqlBe9BEkpislygOKcID9+i6lbGHcUY/QkgZl21+Jy0GPpw+bLjgURk/wlloLcXGnUDpuGsP0xsx2Q==",
      "dev": true
    },
    "p5audio": {
      "version": "1.0.9",
      "resolved": "https://registry.npmjs.org/p5audio/-/p5audio-1.0.9.tgz",
      "integrity": "sha512-WuPUpvuHCKSTQ99lws/F+hYQvS87lWd1z7FRUMDlKy5iCPBfhN74TU+3LRT/Y7LIQYmIU3z21qO9URhMEOzb+g==",
      "dev": true,
      "requires": {
        "vue": "^2.5.2",
        "vue-router": "^3.0.1"
      }
    },
    "vue": {
      "version": "2.6.3",
      "resolved": "https://registry.npmjs.org/vue/-/vue-2.6.3.tgz",
      "integrity": "sha512-yftjtahz4UTAtOlXXuw7UaYD86fWrMDAAzqTdqJJx2FIBqcPmBN6kPBHiBJFGaQELVblb5ijbFMXsx0i0F7q3g==",
      "dev": true
    },
    "vue-router": {
      "version": "3.0.2",
      "resolved": "https://registry.npmjs.org/vue-router/-/vue-router-3.0.2.tgz",
      "integrity": "sha512-opKtsxjp9eOcFWdp6xLQPLmRGgfM932Tl56U9chYTnoWqKxQ8M20N7AkdEbM5beUh6wICoFGYugAX9vQjyJLFg==",
      "dev": true
    }
  }
}
